
Microsoft Visual Studio Solution File, Format Version 12.00
# Visual Studio Version 17
VisualStudioVersion = 17.5.002.0
MinimumVisualStudioVersion = 10.0.40219.1
Project("{9A19103F-16F7-4668-BE54-9A1E7A4F7556}") = "PC4-Recomendation", "PC4-Recomendation.csproj", "{E64CA339-4C8C-4FC4-BC54-121BC6E032F5}"
EndProject
Global
	GlobalSection(SolutionConfigurationPlatforms) = preSolution
		Debug|Any CPU = Debug|Any CPU
		Release|Any CPU = Release|Any CPU
	EndGlobalSection
	GlobalSection(ProjectConfigurationPlatforms) = postSolution
		{E64CA339-4C8C-4FC4-BC54-121BC6E032F5}.Debug|Any CPU.ActiveCfg = Debug|Any CPU
		{E64CA339-4C8C-4FC4-BC54-121BC6E032F5}.Debug|Any CPU.Build.0 = Debug|Any CPU
		{E64CA339-4C8C-4FC4-BC54-121BC6E032F5}.Release|Any CPU.ActiveCfg = Release|Any CPU
		{E64CA339-4C8C-4FC4-BC54-121BC6E032F5}.Release|Any CPU.Build.0 = Release|Any CPU
	EndGlobalSection
	GlobalSection(SolutionProperties) = preSolution
		HideSolutionNode = FALSE
	EndGlobalSection
	GlobalSection(ExtensibilityGlobals) = postSolution
		SolutionGuid = {7064D94A-DE20-4A21-9482-CD6674DA71F8}
	EndGlobalSection
EndGlobal
